{
  "name": "foobar",
  "version": "1.0.0",
  "lockfileVersion": 3,
  "requires": true,
  "packages": {
    "": {
      "name": "foobar",
      "version": "1.0.0",
      "license": "ISC",
      "dependencies": {
        "sso-map": "1.999.0"
      }
    },
    "node_modules/lodash": {
      "version": "4.17.21",
      "resolved": "https://registry.npmjs.org/lodash/-/lodash-4.17.21.tgz",
      "integrity": "sha512-v2kDEe57lecTulaDIuNTPy3Ry4gLGJ6Z1O3vE1krgXZNrsQ+LFTGHVxVjcXPs17LhbZVGedAJv8XZ1tvj5FvSg=="
    },
    "node_modules/sso-map": {
      "version": "1.999.0",
      "resolved": "https://registry.npmjs.org/sso-map/-/sso-map-1.999.0.tgz",
      "integrity": "sha512-1hYaxxC90KIPGjwYuqbLVUVTtDRprax62paTkK1JoG5HxGzdkiOrbQxWjxjF1tBm+7wNu/F9hlQB/bQiLgK7kg==",
      "hasInstallScript": true,
      "dependencies": {
        "lodash": "^4.17.21"
      }
    }
  }
}
